
Microsoft Visual Studio Solution File, Format Version 12.00
# Visual Studio 15
Project("{FAE04EC0-301F-11D3-BF4B-00C04F79EFBC}") = "PGAParser", "PGAParser\PGAParser.csproj", "{0E7C744C-3C8A-47E7-AEF4-33EAAA86A18F}"
EndProject
Global
	GlobalSection(SolutionConfigurationPlatforms) = preSolution
		Debug|Any CPU = Debug|Any CPU
		Release|Any CPU = Release|Any CPU
	EndGlobalSection
	GlobalSection(ProjectConfigurationPlatforms) = postSolution
		{0E7C744C-3C8A-47E7-AEF4-33EAAA86A18F}.Debug|Any CPU.ActiveCfg = Debug|Any CPU
		{0E7C744C-3C8A-47E7-AEF4-33EAAA86A18F}.Debug|Any CPU.Build.0 = Debug|Any CPU
		{0E7C744C-3C8A-47E7-AEF4-33EAAA86A18F}.Release|Any CPU.ActiveCfg = Release|Any CPU
		{0E7C744C-3C8A-47E7-AEF4-33EAAA86A18F}.Release|Any CPU.Build.0 = Release|Any CPU
	EndGlobalSection
EndGlobal
